lockfileVersion: '9.0'

settings:
  autoInstallPeers: true
  excludeLinksFromLockfile: false

importers:

  .:
    devDependencies:
      simple-icons:
        specifier: 16.18.0
        version: 16.18.0

packages:

  simple-icons@16.18.0:
    resolution: {integrity: sha512-5KbjcP456Gm1lrk+rhDuX4zFri+3lRX39IjzXAvoMAO8Ne76WlVlM+Z3kA6jdZ7+QHadgXsf++R7g2jaYVbYig==}
    engines: {node: '>=0.12.18'}

snapshots:

  simple-icons@16.18.0: {}
