lockfileVersion: '9.0'

settings:
  autoInstallPeers: true
  excludeLinksFromLockfile: false

importers:

  .:
    devDependencies:
      simple-icons:
        specifier: 16.22.0
        version: 16.22.0

packages:

  simple-icons@16.22.0:
    resolution: {integrity: sha512-/raPcEWh89R2O2IMmHum6W2dF99NNX3yWikVXKUalkDIWz3Rw/S2S+oDPTgJcIGsRh+25m0y8vj4aBaV/KPz3Q==}
    engines: {node: '>=0.12.18'}

snapshots:

  simple-icons@16.22.0: {}
