lockfileVersion: '9.0'

settings:
  autoInstallPeers: true
  excludeLinksFromLockfile: false

importers:

  .:
    devDependencies:
      simple-icons:
        specifier: 16.25.0
        version: 16.25.0

packages:

  simple-icons@16.25.0:
    resolution: {integrity: sha512-ReYPfbqjkTBovxjerHw2tf6E1rQdaCqNJKaJbd78Mui8w+78xQlE1aDO/2ekID++n8qa+1t+oaueYLeiSoQsIA==}
    engines: {node: '>=0.12.18'}

snapshots:

  simple-icons@16.25.0: {}
